
Microsoft Visual Studio Solution File, Format Version 12.00
# Visual Studio Version 17
VisualStudioVersion = 17.10.34928.147
MinimumVisualStudioVersion = 10.0.40219.1
Project("{FAE04EC0-301F-11D3-BF4B-00C04F79EFBC}") = "MonitoramentoConsumo", "MonitoramentoConsumo\MonitoramentoConsumo.csproj", "{89F3145A-EA1E-42A4-AAAF-C29F7C09DBFA}"
EndProject
Global
	GlobalSection(SolutionConfigurationPlatforms) = preSolution
		Debug|Any CPU = Debug|Any CPU
		Release|Any CPU = Release|Any CPU
	EndGlobalSection
	GlobalSection(ProjectConfigurationPlatforms) = postSolution
		{89F3145A-EA1E-42A4-AAAF-C29F7C09DBFA}.Debug|Any CPU.ActiveCfg = Debug|Any CPU
		{89F3145A-EA1E-42A4-AAAF-C29F7C09DBFA}.Debug|Any CPU.Build.0 = Debug|Any CPU
		{89F3145A-EA1E-42A4-AAAF-C29F7C09DBFA}.Release|Any CPU.ActiveCfg = Release|Any CPU
		{89F3145A-EA1E-42A4-AAAF-C29F7C09DBFA}.Release|Any CPU.Build.0 = Release|Any CPU
	EndGlobalSection
	GlobalSection(SolutionProperties) = preSolution
		HideSolutionNode = FALSE
	EndGlobalSection
	GlobalSection(ExtensibilityGlobals) = postSolution
		SolutionGuid = {F4B79389-8599-4E15-B8F6-6E38B84C7FCC}
	EndGlobalSection
EndGlobal
